
Microsoft Visual Studio Solution File, Format Version 12.00
# Visual Studio 15
VisualStudioVersion = 15.0.26124.0
MinimumVisualStudioVersion = 15.0.26124.0
Project("{FAE04EC0-301F-11D3-BF4B-00C04F79EFBC}") = "SmallMealPlan.Web", "SmallMealPlan.Web\SmallMealPlan.Web.csproj", "{3D8A333C-D4D3-4B1B-9E9F-E48434B0A7B2}"
EndProject
Project("{FAE04EC0-301F-11D3-BF4B-00C04F79EFBC}") = "SmallMealPlan", "SmallMealPlan\SmallMealPlan.csproj", "{D317B56B-80D4-4B64-8509-7570DCAA2726}"
EndProject
Project("{FAE04EC0-301F-11D3-BF4B-00C04F79EFBC}") = "SmallMealPlan.Tests", "SmallMealPlan.Tests\SmallMealPlan.Tests.csproj", "{11951CFE-D8EB-4A32-9C27-569850918535}"
EndProject
Project("{FAE04EC0-301F-11D3-BF4B-00C04F79EFBC}") = "SmallMealPlan.RememberTheMilk", "SmallMealPlan.RememberTheMilk\SmallMealPlan.RememberTheMilk.csproj", "{1E9B02C2-1CAC-4172-B113-664528A5EC3C}"
EndProject
Project("{FAE04EC0-301F-11D3-BF4B-00C04F79EFBC}") = "SmallMealPlan.RememberTheMilk.Tests", "SmallMealPlan.RememberTheMilk.Tests\SmallMealPlan.RememberTheMilk.Tests.csproj", "{C06003D0-63DF-4772-9F8B-9AD74EC92C40}"
EndProject
Global
	GlobalSection(SolutionConfigurationPlatforms) = preSolution
		Debug|Any CPU = Debug|Any CPU
		Debug|x64 = Debug|x64
		Debug|x86 = Debug|x86
		Release|Any CPU = Release|Any CPU
		Release|x64 = Release|x64
		Release|x86 = Release|x86
	EndGlobalSection
	GlobalSection(SolutionProperties) = preSolution
		HideSolutionNode = FALSE
	EndGlobalSection
	GlobalSection(ProjectConfigurationPlatforms) = postSolution
		{3D8A333C-D4D3-4B1B-9E9F-E48434B0A7B2}.Debug|Any CPU.ActiveCfg = Debug|Any CPU
		{3D8A333C-D4D3-4B1B-9E9F-E48434B0A7B2}.Debug|Any CPU.Build.0 = Debug|Any CPU
		{3D8A333C-D4D3-4B1B-9E9F-E48434B0A7B2}.Debug|x64.ActiveCfg = Debug|Any CPU
		{3D8A333C-D4D3-4B1B-9E9F-E48434B0A7B2}.Debug|x64.Build.0 = Debug|Any CPU
		{3D8A333C-D4D3-4B1B-9E9F-E48434B0A7B2}.Debug|x86.ActiveCfg = Debug|Any CPU
		{3D8A333C-D4D3-4B1B-9E9F-E48434B0A7B2}.Debug|x86.Build.0 = Debug|Any CPU
		{3D8A333C-D4D3-4B1B-9E9F-E48434B0A7B2}.Release|Any CPU.ActiveCfg = Release|Any CPU
		{3D8A333C-D4D3-4B1B-9E9F-E48434B0A7B2}.Release|Any CPU.Build.0 = Release|Any CPU
		{3D8A333C-D4D3-4B1B-9E9F-E48434B0A7B2}.Release|x64.ActiveCfg = Release|Any CPU
		{3D8A333C-D4D3-4B1B-9E9F-E48434B0A7B2}.Release|x64.Build.0 = Release|Any CPU
		{3D8A333C-D4D3-4B1B-9E9F-E48434B0A7B2}.Release|x86.ActiveCfg = Release|Any CPU
		{3D8A333C-D4D3-4B1B-9E9F-E48434B0A7B2}.Release|x86.Build.0 = Release|Any CPU
		{D317B56B-80D4-4B64-8509-7570DCAA2726}.Debug|Any CPU.ActiveCfg = Debug|Any CPU
		{D317B56B-80D4-4B64-8509-7570DCAA2726}.Debug|Any CPU.Build.0 = Debug|Any CPU
		{D317B56B-80D4-4B64-8509-7570DCAA2726}.Debug|x64.ActiveCfg = Debug|Any CPU
		{D317B56B-80D4-4B64-8509-7570DCAA2726}.Debug|x64.Build.0 = Debug|Any CPU
		{D317B56B-80D4-4B64-8509-7570DCAA2726}.Debug|x86.ActiveCfg = Debug|Any CPU
		{D317B56B-80D4-4B64-8509-7570DCAA2726}.Debug|x86.Build.0 = Debug|Any CPU
		{D317B56B-80D4-4B64-8509-7570DCAA2726}.Release|Any CPU.ActiveCfg = Release|Any CPU
		{D317B56B-80D4-4B64-8509-7570DCAA2726}.Release|Any CPU.Build.0 = Release|Any CPU
		{D317B56B-80D4-4B64-8509-7570DCAA2726}.Release|x64.ActiveCfg = Release|Any CPU
		{D317B56B-80D4-4B64-8509-7570DCAA2726}.Release|x64.Build.0 = Release|Any CPU
		{D317B56B-80D4-4B64-8509-7570DCAA2726}.Release|x86.ActiveCfg = Release|Any CPU
		{D317B56B-80D4-4B64-8509-7570DCAA2726}.Release|x86.Build.0 = Release|Any CPU
		{11951CFE-D8EB-4A32-9C27-569850918535}.Debug|Any CPU.ActiveCfg = Debug|Any CPU
		{11951CFE-D8EB-4A32-9C27-569850918535}.Debug|Any CPU.Build.0 = Debug|Any CPU
		{11951CFE-D8EB-4A32-9C27-569850918535}.Debug|x64.ActiveCfg = Debug|Any CPU
		{11951CFE-D8EB-4A32-9C27-569850918535}.Debug|x64.Build.0 = Debug|Any CPU
		{11951CFE-D8EB-4A32-9C27-569850918535}.Debug|x86.ActiveCfg = Debug|Any CPU
		{11951CFE-D8EB-4A32-9C27-569850918535}.Debug|x86.Build.0 = Debug|Any CPU
		{11951CFE-D8EB-4A32-9C27-569850918535}.Release|Any CPU.ActiveCfg = Release|Any CPU
		{11951CFE-D8EB-4A32-9C27-569850918535}.Release|Any CPU.Build.0 = Release|Any CPU
		{11951CFE-D8EB-4A32-9C27-569850918535}.Release|x64.ActiveCfg = Release|Any CPU
		{11951CFE-D8EB-4A32-9C27-569850918535}.Release|x64.Build.0 = Release|Any CPU
		{11951CFE-D8EB-4A32-9C27-569850918535}.Release|x86.ActiveCfg = Release|Any CPU
		{11951CFE-D8EB-4A32-9C27-569850918535}.Release|x86.Build.0 = Release|Any CPU
		{1E9B02C2-1CAC-4172-B113-664528A5EC3C}.Debug|Any CPU.ActiveCfg = Debug|Any CPU
		{1E9B02C2-1CAC-4172-B113-664528A5EC3C}.Debug|Any CPU.Build.0 = Debug|Any CPU
		{1E9B02C2-1CAC-4172-B113-664528A5EC3C}.Debug|x64.ActiveCfg = Debug|Any CPU
		{1E9B02C2-1CAC-4172-B113-664528A5EC3C}.Debug|x64.Build.0 = Debug|Any CPU
		{1E9B02C2-1CAC-4172-B113-664528A5EC3C}.Debug|x86.ActiveCfg = Debug|Any CPU
		{1E9B02C2-1CAC-4172-B113-664528A5EC3C}.Debug|x86.Build.0 = Debug|Any CPU
		{1E9B02C2-1CAC-4172-B113-664528A5EC3C}.Release|Any CPU.ActiveCfg = Release|Any CPU
		{1E9B02C2-1CAC-4172-B113-664528A5EC3C}.Release|Any CPU.Build.0 = Release|Any CPU
		{1E9B02C2-1CAC-4172-B113-664528A5EC3C}.Release|x64.ActiveCfg = Release|Any CPU
		{1E9B02C2-1CAC-4172-B113-664528A5EC3C}.Release|x64.Build.0 = Release|Any CPU
		{1E9B02C2-1CAC-4172-B113-664528A5EC3C}.Release|x86.ActiveCfg = Release|Any CPU
		{1E9B02C2-1CAC-4172-B113-664528A5EC3C}.Release|x86.Build.0 = Release|Any CPU
		{C06003D0-63DF-4772-9F8B-9AD74EC92C40}.Debug|Any CPU.ActiveCfg = Debug|Any CPU
		{C06003D0-63DF-4772-9F8B-9AD74EC92C40}.Debug|Any CPU.Build.0 = Debug|Any CPU
		{C06003D0-63DF-4772-9F8B-9AD74EC92C40}.Debug|x64.ActiveCfg = Debug|Any CPU
		{C06003D0-63DF-4772-9F8B-9AD74EC92C40}.Debug|x64.Build.0 = Debug|Any CPU
		{C06003D0-63DF-4772-9F8B-9AD74EC92C40}.Debug|x86.ActiveCfg = Debug|Any CPU
		{C06003D0-63DF-4772-9F8B-9AD74EC92C40}.Debug|x86.Build.0 = Debug|Any CPU
		{C06003D0-63DF-4772-9F8B-9AD74EC92C40}.Release|Any CPU.ActiveCfg = Release|Any CPU
		{C06003D0-63DF-4772-9F8B-9AD74EC92C40}.Release|Any CPU.Build.0 = Release|Any CPU
		{C06003D0-63DF-4772-9F8B-9AD74EC92C40}.Release|x64.ActiveCfg = Release|Any CPU
		{C06003D0-63DF-4772-9F8B-9AD74EC92C40}.Release|x64.Build.0 = Release|Any CPU
		{C06003D0-63DF-4772-9F8B-9AD74EC92C40}.Release|x86.ActiveCfg = Release|Any CPU
		{C06003D0-63DF-4772-9F8B-9AD74EC92C40}.Release|x86.Build.0 = Release|Any CPU
	EndGlobalSection
EndGlobal
